Microsoft Visual Studio Solution File, Format Version 12.00
# Visual Studio 14
VisualStudioVersion = 14.0.25420.1
MinimumVisualStudioVersion = 10.0.40219.1
Project("{FAE04EC0-301F-11D3-BF4B-00C04F79EFBC}") = "SD.HnD.BL", "BL\SD.HnD.BL.csproj", "{DCF9E35B-D377-4B8C-A0BB-D31CD6A7EC1A}"
EndProject
Project("{FAE04EC0-301F-11D3-BF4B-00C04F79EFBC}") = "SD.HnD.Utility", "Utility\SD.HnD.Utility.csproj", "{AAEB0829-9929-4706-B7FB-F4E8BFCC32C2}"
EndProject
Project("{FAE04EC0-301F-11D3-BF4B-00C04F79EFBC}") = "Gui", "Gui\Gui.csproj", "{CCF2120D-5F39-4EBD-AA33-E6F85DCC3CEE}"
EndProject
Project("{FAE04EC0-301F-11D3-BF4B-00C04F79EFBC}") = "SD.HnD.DALAdapter", "DALAdapter\SD.HnD.DALAdapter.csproj", "{2B4058F7-26D3-4BDA-B5FF-BE048FDCE94C}"
EndProject
Project("{FAE04EC0-301F-11D3-BF4B-00C04F79EFBC}") = "SD.HnD.DALAdapterDBSpecific", "DALAdapter\SD.HnD.DALAdapterDBSpecific.csproj", "{CE055BC5-BFD4-4B66-8178-FBFB01492105}"
EndProject
Project("{FAE04EC0-301F-11D3-BF4B-00C04F79EFBC}") = "UbbToMarkdownConverter", "UbbToMarkdownConverter\UbbToMarkdownConverter.csproj", "{A069C8F4-9E41-4D0F-B212-E30BFF9FAD76}"
EndProject
Global
	GlobalSection(SolutionConfigurationPlatforms) = preSolution
		Debug|.NET = Debug|.NET
		Debug|Any CPU = Debug|Any CPU
		Debug|Mixed Platforms = Debug|Mixed Platforms
		Release|.NET = Release|.NET
		Release|Any CPU = Release|Any CPU
		Release|Mixed Platforms = Release|Mixed Platforms
	EndGlobalSection
	GlobalSection(ProjectConfigurationPlatforms) = postSolution
		{DCF9E35B-D377-4B8C-A0BB-D31CD6A7EC1A}.Debug|.NET.ActiveCfg = Debug|Any CPU
		{DCF9E35B-D377-4B8C-A0BB-D31CD6A7EC1A}.Debug|Any CPU.ActiveCfg = Debug|Any CPU
		{DCF9E35B-D377-4B8C-A0BB-D31CD6A7EC1A}.Debug|Any CPU.Build.0 = Debug|Any CPU
		{DCF9E35B-D377-4B8C-A0BB-D31CD6A7EC1A}.Debug|Mixed Platforms.ActiveCfg = Debug|Any CPU
		{DCF9E35B-D377-4B8C-A0BB-D31CD6A7EC1A}.Debug|Mixed Platforms.Build.0 = Debug|Any CPU
		{DCF9E35B-D377-4B8C-A0BB-D31CD6A7EC1A}.Release|.NET.ActiveCfg = Release|Any CPU
		{DCF9E35B-D377-4B8C-A0BB-D31CD6A7EC1A}.Release|Any CPU.ActiveCfg = Release|Any CPU
		{DCF9E35B-D377-4B8C-A0BB-D31CD6A7EC1A}.Release|Any CPU.Build.0 = Release|Any CPU
		{DCF9E35B-D377-4B8C-A0BB-D31CD6A7EC1A}.Release|Mixed Platforms.ActiveCfg = Release|Any CPU
		{DCF9E35B-D377-4B8C-A0BB-D31CD6A7EC1A}.Release|Mixed Platforms.Build.0 = Release|Any CPU
		{AAEB0829-9929-4706-B7FB-F4E8BFCC32C2}.Debug|.NET.ActiveCfg = Debug|Any CPU
		{AAEB0829-9929-4706-B7FB-F4E8BFCC32C2}.Debug|Any CPU.ActiveCfg = Debug|Any CPU
		{AAEB0829-9929-4706-B7FB-F4E8BFCC32C2}.Debug|Any CPU.Build.0 = Debug|Any CPU
		{AAEB0829-9929-4706-B7FB-F4E8BFCC32C2}.Debug|Mixed Platforms.ActiveCfg = Debug|Any CPU
		{AAEB0829-9929-4706-B7FB-F4E8BFCC32C2}.Debug|Mixed Platforms.Build.0 = Debug|Any CPU
		{AAEB0829-9929-4706-B7FB-F4E8BFCC32C2}.Release|.NET.ActiveCfg = Release|Any CPU
		{AAEB0829-9929-4706-B7FB-F4E8BFCC32C2}.Release|Any CPU.ActiveCfg = Release|Any CPU
		{AAEB0829-9929-4706-B7FB-F4E8BFCC32C2}.Release|Any CPU.Build.0 = Release|Any CPU
		{AAEB0829-9929-4706-B7FB-F4E8BFCC32C2}.Release|Mixed Platforms.ActiveCfg = Release|Any CPU
		{AAEB0829-9929-4706-B7FB-F4E8BFCC32C2}.Release|Mixed Platforms.Build.0 = Release|Any CPU
		{CCF2120D-5F39-4EBD-AA33-E6F85DCC3CEE}.Debug|.NET.ActiveCfg = Debug|Any CPU
		{CCF2120D-5F39-4EBD-AA33-E6F85DCC3CEE}.Debug|Any CPU.ActiveCfg = Debug|Any CPU
		{CCF2120D-5F39-4EBD-AA33-E6F85DCC3CEE}.Debug|Any CPU.Build.0 = Debug|Any CPU
		{CCF2120D-5F39-4EBD-AA33-E6F85DCC3CEE}.Debug|Mixed Platforms.ActiveCfg = Debug|Any CPU
		{CCF2120D-5F39-4EBD-AA33-E6F85DCC3CEE}.Debug|Mixed Platforms.Build.0 = Debug|Any CPU
		{CCF2120D-5F39-4EBD-AA33-E6F85DCC3CEE}.Release|.NET.ActiveCfg = Release|Any CPU
		{CCF2120D-5F39-4EBD-AA33-E6F85DCC3CEE}.Release|Any CPU.ActiveCfg = Release|Any CPU
		{CCF2120D-5F39-4EBD-AA33-E6F85DCC3CEE}.Release|Any CPU.Build.0 = Release|Any CPU
		{CCF2120D-5F39-4EBD-AA33-E6F85DCC3CEE}.Release|Mixed Platforms.ActiveCfg = Release|Any CPU
		{CCF2120D-5F39-4EBD-AA33-E6F85DCC3CEE}.Release|Mixed Platforms.Build.0 = Release|Any CPU
		{2B4058F7-26D3-4BDA-B5FF-BE048FDCE94C}.Debug|.NET.ActiveCfg = Debug|Any CPU
		{2B4058F7-26D3-4BDA-B5FF-BE048FDCE94C}.Debug|.NET.Build.0 = Debug|Any CPU
		{2B4058F7-26D3-4BDA-B5FF-BE048FDCE94C}.Debug|Any CPU.ActiveCfg = Debug|Any CPU
		{2B4058F7-26D3-4BDA-B5FF-BE048FDCE94C}.Debug|Any CPU.Build.0 = Debug|Any CPU
		{2B4058F7-26D3-4BDA-B5FF-BE048FDCE94C}.Debug|Mixed Platforms.ActiveCfg = Debug|Any CPU
		{2B4058F7-26D3-4BDA-B5FF-BE048FDCE94C}.Debug|Mixed Platforms.Build.0 = Debug|Any CPU
		{2B4058F7-26D3-4BDA-B5FF-BE048FDCE94C}.Release|.NET.ActiveCfg = Release|Any CPU
		{2B4058F7-26D3-4BDA-B5FF-BE048FDCE94C}.Release|.NET.Build.0 = Release|Any CPU
		{2B4058F7-26D3-4BDA-B5FF-BE048FDCE94C}.Release|Any CPU.ActiveCfg = Release|Any CPU
		{2B4058F7-26D3-4BDA-B5FF-BE048FDCE94C}.Release|Any CPU.Build.0 = Release|Any CPU
		{2B4058F7-26D3-4BDA-B5FF-BE048FDCE94C}.Release|Mixed Platforms.ActiveCfg = Release|Any CPU
		{2B4058F7-26D3-4BDA-B5FF-BE048FDCE94C}.Release|Mixed Platforms.Build.0 = Release|Any CPU
		{CE055BC5-BFD4-4B66-8178-FBFB01492105}.Debug|.NET.ActiveCfg = Debug|Any CPU
		{CE055BC5-BFD4-4B66-8178-FBFB01492105}.Debug|.NET.Build.0 = Debug|Any CPU
		{CE055BC5-BFD4-4B66-8178-FBFB01492105}.Debug|Any CPU.ActiveCfg = Debug|Any CPU
		{CE055BC5-BFD4-4B66-8178-FBFB01492105}.Debug|Any CPU.Build.0 = Debug|Any CPU
		{CE055BC5-BFD4-4B66-8178-FBFB01492105}.Debug|Mixed Platforms.ActiveCfg = Debug|Any CPU
		{CE055BC5-BFD4-4B66-8178-FBFB01492105}.Debug|Mixed Platforms.Build.0 = Debug|Any CPU
		{CE055BC5-BFD4-4B66-8178-FBFB01492105}.Release|.NET.ActiveCfg = Release|Any CPU
		{CE055BC5-BFD4-4B66-8178-FBFB01492105}.Release|.NET.Build.0 = Release|Any CPU
		{CE055BC5-BFD4-4B66-8178-FBFB01492105}.Release|Any CPU.ActiveCfg = Release|Any CPU
		{CE055BC5-BFD4-4B66-8178-FBFB01492105}.Release|Any CPU.Build.0 = Release|Any CPU
		{CE055BC5-BFD4-4B66-8178-FBFB01492105}.Release|Mixed Platforms.ActiveCfg = Release|Any CPU
		{CE055BC5-BFD4-4B66-8178-FBFB01492105}.Release|Mixed Platforms.Build.0 = Release|Any CPU
		{A069C8F4-9E41-4D0F-B212-E30BFF9FAD76}.Debug|.NET.ActiveCfg = Debug|Any CPU
		{A069C8F4-9E41-4D0F-B212-E30BFF9FAD76}.Debug|.NET.Build.0 = Debug|Any CPU
		{A069C8F4-9E41-4D0F-B212-E30BFF9FAD76}.Debug|Any CPU.ActiveCfg = Debug|Any CPU
		{A069C8F4-9E41-4D0F-B212-E30BFF9FAD76}.Debug|Any CPU.Build.0 = Debug|Any CPU
		{A069C8F4-9E41-4D0F-B212-E30BFF9FAD76}.Debug|Mixed Platforms.ActiveCfg = Debug|Any CPU
		{A069C8F4-9E41-4D0F-B212-E30BFF9FAD76}.Debug|Mixed Platforms.Build.0 = Debug|Any CPU
		{A069C8F4-9E41-4D0F-B212-E30BFF9FAD76}.Release|.NET.ActiveCfg = Release|Any CPU
		{A069C8F4-9E41-4D0F-B212-E30BFF9FAD76}.Release|.NET.Build.0 = Release|Any CPU
		{A069C8F4-9E41-4D0F-B212-E30BFF9FAD76}.Release|Any CPU.ActiveCfg = Release|Any CPU
		{A069C8F4-9E41-4D0F-B212-E30BFF9FAD76}.Release|Any CPU.Build.0 = Release|Any CPU
		{A069C8F4-9E41-4D0F-B212-E30BFF9FAD76}.Release|Mixed Platforms.ActiveCfg = Release|Any CPU
		{A069C8F4-9E41-4D0F-B212-E30BFF9FAD76}.Release|Mixed Platforms.Build.0 = Release|Any CPU
	EndGlobalSection
	GlobalSection(SolutionProperties) = preSolution
		HideSolutionNode = FALSE
	EndGlobalSection
EndGlobal
