Microsoft Visual Studio Solution File, Format Version 12.00
# Visual Studio 2013
VisualStudioVersion = 12.0.31101.0
MinimumVisualStudioVersion = 10.0.40219.1
Project("{FAE04EC0-301F-11D3-BF4B-00C04F79EFBC}") = "SD.HnD.BL", "BL\SD.HnD.BL.csproj", "{DCF9E35B-D377-4B8C-A0BB-D31CD6A7EC1A}"
EndProject
Project("{FAE04EC0-301F-11D3-BF4B-00C04F79EFBC}") = "SD.HnD.DAL", "DAL\SD.HnD.DAL.csproj", "{43C8451A-A377-4589-BF7D-73BE386E7B4D}"
EndProject
Project("{FAE04EC0-301F-11D3-BF4B-00C04F79EFBC}") = "SD.HnD.Utility", "Utility\SD.HnD.Utility.csproj", "{AAEB0829-9929-4706-B7FB-F4E8BFCC32C2}"
EndProject
Project("{E24C65DC-7377-472B-9ABA-BC803B73C61A}") = "Design", "http://localhost:49741", "{6FEF6DCD-51C2-4314-A331-889DCF6A2951}"
	ProjectSection(WebsiteProperties) = preProject
		UseIISExpress = "true"
		TargetFrameworkMoniker = ".NETFramework,Version%3Dv4.0"
		Debug.AspNetCompiler.VirtualPath = "/localhost_49741"
		Debug.AspNetCompiler.PhysicalPath = "Design\"
		Debug.AspNetCompiler.TargetPath = "PrecompiledWeb\localhost_49741\"
		Debug.AspNetCompiler.Updateable = "true"
		Debug.AspNetCompiler.ForceOverwrite = "true"
		Debug.AspNetCompiler.FixedNames = "false"
		Debug.AspNetCompiler.Debug = "True"
		Release.AspNetCompiler.VirtualPath = "/localhost_49741"
		Release.AspNetCompiler.PhysicalPath = "Design\"
		Release.AspNetCompiler.TargetPath = "PrecompiledWeb\localhost_49741\"
		Release.AspNetCompiler.Updateable = "true"
		Release.AspNetCompiler.ForceOverwrite = "true"
		Release.AspNetCompiler.FixedNames = "false"
		Release.AspNetCompiler.Debug = "False"
		SlnRelativePath = "Design\"
	EndProjectSection
EndProject
Project("{FAE04EC0-301F-11D3-BF4B-00C04F79EFBC}") = "Gui", "Gui\Gui.csproj", "{CCF2120D-5F39-4EBD-AA33-E6F85DCC3CEE}"
EndProject
Global
	GlobalSection(SolutionConfigurationPlatforms) = preSolution
		Debug|.NET = Debug|.NET
		Debug|Any CPU = Debug|Any CPU
		Debug|Mixed Platforms = Debug|Mixed Platforms
		Release|.NET = Release|.NET
		Release|Any CPU = Release|Any CPU
		Release|Mixed Platforms = Release|Mixed Platforms
	EndGlobalSection
	GlobalSection(ProjectConfigurationPlatforms) = postSolution
		{DCF9E35B-D377-4B8C-A0BB-D31CD6A7EC1A}.Debug|.NET.ActiveCfg = Debug|Any CPU
		{DCF9E35B-D377-4B8C-A0BB-D31CD6A7EC1A}.Debug|Any CPU.ActiveCfg = Debug|Any CPU
		{DCF9E35B-D377-4B8C-A0BB-D31CD6A7EC1A}.Debug|Any CPU.Build.0 = Debug|Any CPU
		{DCF9E35B-D377-4B8C-A0BB-D31CD6A7EC1A}.Debug|Mixed Platforms.ActiveCfg = Debug|Any CPU
		{DCF9E35B-D377-4B8C-A0BB-D31CD6A7EC1A}.Debug|Mixed Platforms.Build.0 = Debug|Any CPU
		{DCF9E35B-D377-4B8C-A0BB-D31CD6A7EC1A}.Release|.NET.ActiveCfg = Release|Any CPU
		{DCF9E35B-D377-4B8C-A0BB-D31CD6A7EC1A}.Release|Any CPU.ActiveCfg = Release|Any CPU
		{DCF9E35B-D377-4B8C-A0BB-D31CD6A7EC1A}.Release|Any CPU.Build.0 = Release|Any CPU
		{DCF9E35B-D377-4B8C-A0BB-D31CD6A7EC1A}.Release|Mixed Platforms.ActiveCfg = Release|Any CPU
		{DCF9E35B-D377-4B8C-A0BB-D31CD6A7EC1A}.Release|Mixed Platforms.Build.0 = Release|Any CPU
		{43C8451A-A377-4589-BF7D-73BE386E7B4D}.Debug|.NET.ActiveCfg = Debug|Any CPU
		{43C8451A-A377-4589-BF7D-73BE386E7B4D}.Debug|Any CPU.ActiveCfg = Debug|Any CPU
		{43C8451A-A377-4589-BF7D-73BE386E7B4D}.Debug|Any CPU.Build.0 = Debug|Any CPU
		{43C8451A-A377-4589-BF7D-73BE386E7B4D}.Debug|Mixed Platforms.ActiveCfg = Debug|Any CPU
		{43C8451A-A377-4589-BF7D-73BE386E7B4D}.Debug|Mixed Platforms.Build.0 = Debug|Any CPU
		{43C8451A-A377-4589-BF7D-73BE386E7B4D}.Release|.NET.ActiveCfg = Release|Any CPU
		{43C8451A-A377-4589-BF7D-73BE386E7B4D}.Release|Any CPU.ActiveCfg = Release|Any CPU
		{43C8451A-A377-4589-BF7D-73BE386E7B4D}.Release|Any CPU.Build.0 = Release|Any CPU
		{43C8451A-A377-4589-BF7D-73BE386E7B4D}.Release|Mixed Platforms.ActiveCfg = Release|Any CPU
		{43C8451A-A377-4589-BF7D-73BE386E7B4D}.Release|Mixed Platforms.Build.0 = Release|Any CPU
		{AAEB0829-9929-4706-B7FB-F4E8BFCC32C2}.Debug|.NET.ActiveCfg = Debug|Any CPU
		{AAEB0829-9929-4706-B7FB-F4E8BFCC32C2}.Debug|Any CPU.ActiveCfg = Debug|Any CPU
		{AAEB0829-9929-4706-B7FB-F4E8BFCC32C2}.Debug|Any CPU.Build.0 = Debug|Any CPU
		{AAEB0829-9929-4706-B7FB-F4E8BFCC32C2}.Debug|Mixed Platforms.ActiveCfg = Debug|Any CPU
		{AAEB0829-9929-4706-B7FB-F4E8BFCC32C2}.Debug|Mixed Platforms.Build.0 = Debug|Any CPU
		{AAEB0829-9929-4706-B7FB-F4E8BFCC32C2}.Release|.NET.ActiveCfg = Release|Any CPU
		{AAEB0829-9929-4706-B7FB-F4E8BFCC32C2}.Release|Any CPU.ActiveCfg = Release|Any CPU
		{AAEB0829-9929-4706-B7FB-F4E8BFCC32C2}.Release|Any CPU.Build.0 = Release|Any CPU
		{AAEB0829-9929-4706-B7FB-F4E8BFCC32C2}.Release|Mixed Platforms.ActiveCfg = Release|Any CPU
		{AAEB0829-9929-4706-B7FB-F4E8BFCC32C2}.Release|Mixed Platforms.Build.0 = Release|Any CPU
		{6FEF6DCD-51C2-4314-A331-889DCF6A2951}.Debug|.NET.ActiveCfg = Debug|Any CPU
		{6FEF6DCD-51C2-4314-A331-889DCF6A2951}.Debug|Any CPU.ActiveCfg = Debug|Any CPU
		{6FEF6DCD-51C2-4314-A331-889DCF6A2951}.Debug|Any CPU.Build.0 = Debug|Any CPU
		{6FEF6DCD-51C2-4314-A331-889DCF6A2951}.Debug|Mixed Platforms.ActiveCfg = Debug|Any CPU
		{6FEF6DCD-51C2-4314-A331-889DCF6A2951}.Debug|Mixed Platforms.Build.0 = Debug|Any CPU
		{6FEF6DCD-51C2-4314-A331-889DCF6A2951}.Release|.NET.ActiveCfg = Debug|Any CPU
		{6FEF6DCD-51C2-4314-A331-889DCF6A2951}.Release|Any CPU.ActiveCfg = Debug|Any CPU
		{6FEF6DCD-51C2-4314-A331-889DCF6A2951}.Release|Any CPU.Build.0 = Debug|Any CPU
		{6FEF6DCD-51C2-4314-A331-889DCF6A2951}.Release|Mixed Platforms.ActiveCfg = Debug|Any CPU
		{6FEF6DCD-51C2-4314-A331-889DCF6A2951}.Release|Mixed Platforms.Build.0 = Debug|Any CPU
		{CCF2120D-5F39-4EBD-AA33-E6F85DCC3CEE}.Debug|.NET.ActiveCfg = Debug|Any CPU
		{CCF2120D-5F39-4EBD-AA33-E6F85DCC3CEE}.Debug|Any CPU.ActiveCfg = Debug|Any CPU
		{CCF2120D-5F39-4EBD-AA33-E6F85DCC3CEE}.Debug|Any CPU.Build.0 = Debug|Any CPU
		{CCF2120D-5F39-4EBD-AA33-E6F85DCC3CEE}.Debug|Mixed Platforms.ActiveCfg = Debug|Any CPU
		{CCF2120D-5F39-4EBD-AA33-E6F85DCC3CEE}.Debug|Mixed Platforms.Build.0 = Debug|Any CPU
		{CCF2120D-5F39-4EBD-AA33-E6F85DCC3CEE}.Release|.NET.ActiveCfg = Release|Any CPU
		{CCF2120D-5F39-4EBD-AA33-E6F85DCC3CEE}.Release|Any CPU.ActiveCfg = Release|Any CPU
		{CCF2120D-5F39-4EBD-AA33-E6F85DCC3CEE}.Release|Any CPU.Build.0 = Release|Any CPU
		{CCF2120D-5F39-4EBD-AA33-E6F85DCC3CEE}.Release|Mixed Platforms.ActiveCfg = Release|Any CPU
		{CCF2120D-5F39-4EBD-AA33-E6F85DCC3CEE}.Release|Mixed Platforms.Build.0 = Release|Any CPU
	EndGlobalSection
	GlobalSection(SolutionProperties) = preSolution
		HideSolutionNode = FALSE
	EndGlobalSection
EndGlobal
